// !$*UTF8*$!
{
	archiveVersion = 1;
	classes = {
	};
	objectVersion = 50;
	objects = {

/* Begin PBXBuildFile section */
		255A9BF3222CE6280021D1C4 /* ACUPDViewController.swift in Sources */ = {isa = PBXBuildFile; fileRef = 255A9BF2222CE6280021D1C4 /* ACUPDViewController.swift */; };
		255A9BF5222CE6390021D1C4 /* SOARViewController.swift in Sources */ = {isa = PBXBuildFile; fileRef = 255A9BF4222CE6390021D1C4 /* SOARViewController.swift */; };
		255E1317222CD1FF004CB1B1 /* AppDelegate.swift in Sources */ = {isa = PBXBuildFile; fileRef = 255E1316222CD1FF004CB1B1 /* AppDelegate.swift */; };
		255E1319222CD1FF004CB1B1 /* ViewController.swift in Sources */ = {isa = PBXBuildFile; fileRef = 255E1318222CD1FF004CB1B1 /* ViewController.swift */; };
		255E131C222CD200004CB1B1 /* Main.storyboard in Resources */ = {isa = PBXBuildFile; fileRef = 255E131A222CD200004CB1B1 /* Main.storyboard */; };
		255E131E222CD202004CB1B1 /* Assets.xcassets in Resources */ = {isa = PBXBuildFile; fileRef = 255E131D222CD202004CB1B1 /* Assets.xcassets */; };
		255E1321222CD202004CB1B1 /* LaunchScreen.storyboard in Resources */ = {isa = PBXBuildFile; fileRef = 255E131F222CD202004CB1B1 /* LaunchScreen.storyboard */; };
		255E132C222CD202004CB1B1 /* StaticAppTests.swift in Sources */ = {isa = PBXBuildFile; fileRef = 255E132B222CD202004CB1B1 /* StaticAppTests.swift */; };
/* End PBXBuildFile section */

/* Begin PBXContainerItemProxy section */
		255E1328222CD202004CB1B1 /* PBXContainerItemProxy */ = {
			isa = PBXContainerItemProxy;
			containerPortal = 255E130B222CD1FF004CB1B1 /* Project object */;
			proxyType = 1;
			remoteGlobalIDString = 255E1312222CD1FF004CB1B1;
			remoteInfo = StaticApp;
		};
/* End PBXContainerItemProxy section */

/* Begin PBXFileReference section */
		255A9BF2222CE6280021D1C4 /* ACUPDViewController.swift */ = {isa = PBXFileReference; lastKnownFileType = sourcecode.swift; path = ACUPDViewController.swift; sourceTree = "<group>"; };
		255A9BF4222CE6390021D1C4 /* SOARViewController.swift */ = {isa = PBXFileReference; lastKnownFileType = sourcecode.swift; path = SOARViewController.swift; sourceTree = "<group>"; };
		255E1313222CD1FF004CB1B1 /* StaticApp.app */ = {isa = PBXFileReference; explicitFileType = wrapper.application; includeInIndex = 0; path = StaticApp.app; sourceTree = BUILT_PRODUCTS_DIR; };
		255E1316222CD1FF004CB1B1 /* AppDelegate.swift */ = {isa = PBXFileReference; lastKnownFileType = sourcecode.swift; path = AppDelegate.swift; sourceTree = "<group>"; };
		255E1318222CD1FF004CB1B1 /* ViewController.swift */ = {isa = PBXFileReference; lastKnownFileType = sourcecode.swift; path = ViewController.swift; sourceTree = "<group>"; };
		255E131B222CD200004CB1B1 /* Base */ = {isa = PBXFileReference; lastKnownFileType = file.storyboard; name = Base; path = Base.lproj/Main.storyboard; sourceTree = "<group>"; };
		255E131D222CD202004CB1B1 /* Assets.xcassets */ = {isa = PBXFileReference; lastKnownFileType = folder.assetcatalog; path = Assets.xcassets; sourceTree = "<group>"; };
		255E1320222CD202004CB1B1 /* Base */ = {isa = PBXFileReference; lastKnownFileType = file.storyboard; name = Base; path = Base.lproj/LaunchScreen.storyboard; sourceTree = "<group>"; };
		255E1322222CD202004CB1B1 /* Info.plist */ = {isa = PBXFileReference; lastKnownFileType = text.plist.xml; path = Info.plist; sourceTree = "<group>"; };
		255E1327222CD202004CB1B1 /* StaticAppTests.xctest */ = {isa = PBXFileReference; explicitFileType = wrapper.cfbundle; includeInIndex = 0; path = StaticAppTests.xctest; sourceTree = BUILT_PRODUCTS_DIR; };
		255E132B222CD202004CB1B1 /* StaticAppTests.swift */ = {isa = PBXFileReference; lastKnownFileType = sourcecode.swift; path = StaticAppTests.swift; sourceTree = "<group>"; };
		255E132D222CD202004CB1B1 /* Info.plist */ = {isa = PBXFileReference; lastKnownFileType = text.plist.xml; path = Info.plist; sourceTree = "<group>"; };
/* End PBXFileReference section */

/* Begin PBXFrameworksBuildPhase section */
		255E1310222CD1FF004CB1B1 /* Frameworks */ = {
			isa = PBXFrameworksBuildPhase;
			buildActionMask = 2147483647;
			files = (
			);
			runOnlyForDeploymentPostprocessing = 0;
		};
		255E1324222CD202004CB1B1 /* Frameworks */ = {
			isa = PBXFrameworksBuildPhase;
			buildActionMask = 2147483647;
			files = (
			);
			runOnlyForDeploymentPostprocessing = 0;
		};
/* End PBXFrameworksBuildPhase section */

/* Begin PBXGroup section */
		255E130A222CD1FF004CB1B1 = {
			isa = PBXGroup;
			children = (
				255E1315222CD1FF004CB1B1 /* StaticApp */,
				255E132A222CD202004CB1B1 /* StaticAppTests */,
				255E1314222CD1FF004CB1B1 /* Products */,
			);
			sourceTree = "<group>";
		};
		255E1314222CD1FF004CB1B1 /* Products */ = {
			isa = PBXGroup;
			children = (
				255E1313222CD1FF004CB1B1 /* StaticApp.app */,
				255E1327222CD202004CB1B1 /* StaticAppTests.xctest */,
			);
			name = Products;
			sourceTree = "<group>";
		};
		255E1315222CD1FF004CB1B1 /* StaticApp */ = {
			isa = PBXGroup;
			children = (
				255E1316222CD1FF004CB1B1 /* AppDelegate.swift */,
				255E131A222CD200004CB1B1 /* Main.storyboard */,
				255E1318222CD1FF004CB1B1 /* ViewController.swift */,
				255A9BF2222CE6280021D1C4 /* ACUPDViewController.swift */,
				255A9BF4222CE6390021D1C4 /* SOARViewController.swift */,
				255E131D222CD202004CB1B1 /* Assets.xcassets */,
				255E131F222CD202004CB1B1 /* LaunchScreen.storyboard */,
				255E1322222CD202004CB1B1 /* Info.plist */,
			);
			path = StaticApp;
			sourceTree = "<group>";
		};
		255E132A222CD202004CB1B1 /* StaticAppTests */ = {
			isa = PBXGroup;
			children = (
				255E132B222CD202004CB1B1 /* StaticAppTests.swift */,
				255E132D222CD202004CB1B1 /* Info.plist */,
			);
			path = StaticAppTests;
			sourceTree = "<group>";
		};
/* End PBXGroup section */

/* Begin PBXNativeTarget section */
		255E1312222CD1FF004CB1B1 /* StaticApp */ = {
			isa = PBXNativeTarget;
			buildConfigurationList = 255E1330222CD202004CB1B1 /* Build configuration list for PBXNativeTarget "StaticApp" */;
			buildPhases = (
				255E130F222CD1FF004CB1B1 /* Sources */,
				255E1310222CD1FF004CB1B1 /* Frameworks */,
				255E1311222CD1FF004CB1B1 /* Resources */,
			);
			buildRules = (
			);
			dependencies = (
			);
			name = StaticApp;
			productName = StaticApp;
			productReference = 255E1313222CD1FF004CB1B1 /* StaticApp.app */;
			productType = "com.apple.product-type.application";
		};
		255E1326222CD202004CB1B1 /* StaticAppTests */ = {
			isa = PBXNativeTarget;
			buildConfigurationList = 255E1333222CD202004CB1B1 /* Build configuration list for PBXNativeTarget "StaticAppTests" */;
			buildPhases = (
				255E1323222CD202004CB1B1 /* Sources */,
				255E1324222CD202004CB1B1 /* Frameworks */,
				255E1325222CD202004CB1B1 /* Resources */,
			);
			buildRules = (
			);
			dependencies = (
				255E1329222CD202004CB1B1 /* PBXTargetDependency */,
			);
			name = StaticAppTests;
			productName = StaticAppTests;
			productReference = 255E1327222CD202004CB1B1 /* StaticAppTests.xctest */;
			productType = "com.apple.product-type.bundle.unit-test";
		};
/* End PBXNativeTarget section */

/* Begin PBXProject section */
		255E130B222CD1FF004CB1B1 /* Project object */ = {
			isa = PBXProject;
			attributes = {
				LastSwiftUpdateCheck = 1010;
				LastUpgradeCheck = 1010;
				ORGANIZATIONNAME = "Kole Peoples";
				TargetAttributes = {
					255E1312222CD1FF004CB1B1 = {
						CreatedOnToolsVersion = 10.1;
					};
					255E1326222CD202004CB1B1 = {
						CreatedOnToolsVersion = 10.1;
						TestTargetID = 255E1312222CD1FF004CB1B1;
					};
				};
			};
			buildConfigurationList = 255E130E222CD1FF004CB1B1 /* Build configuration list for PBXProject "StaticApp" */;
			compatibilityVersion = "Xcode 9.3";
			developmentRegion = en;
			hasScannedForEncodings = 0;
			knownRegions = (
				en,
				Base,
			);
			mainGroup = 255E130A222CD1FF004CB1B1;
			productRefGroup = 255E1314222CD1FF004CB1B1 /* Products */;
			projectDirPath = "";
			projectRoot = "";
			targets = (
				255E1312222CD1FF004CB1B1 /* StaticApp */,
				255E1326222CD202004CB1B1 /* StaticAppTests */,
			);
		};
/* End PBXProject section */

/* Begin PBXResourcesBuildPhase section */
		255E1311222CD1FF004CB1B1 /* Resources */ = {
			isa = PBXResourcesBuildPhase;
			buildActionMask = 2147483647;
			files = (
				255E1321222CD202004CB1B1 /* LaunchScreen.storyboard in Resources */,
				255E131E222CD202004CB1B1 /* Assets.xcassets in Resources */,
				255E131C222CD200004CB1B1 /* Main.storyboard in Resources */,
			);
			runOnlyForDeploymentPostprocessing = 0;
		};
		255E1325222CD202004CB1B1 /* Resources */ = {
			isa = PBXResourcesBuildPhase;
			buildActionMask = 2147483647;
			files = (
			);
			runOnlyForDeploymentPostprocessing = 0;
		};
/* End PBXResourcesBuildPhase section */

/* Begin PBXSourcesBuildPhase section */
		255E130F222CD1FF004CB1B1 /* Sources */ = {
			isa = PBXSourcesBuildPhase;
			buildActionMask = 2147483647;
			files = (
				255E1319222CD1FF004CB1B1 /* ViewController.swift in Sources */,
				255A9BF3222CE6280021D1C4 /* ACUPDViewController.swift in Sources */,
				255E1317222CD1FF004CB1B1 /* AppDelegate.swift in Sources */,
				255A9BF5222CE6390021D1C4 /* SOARViewController.swift in Sources */,
			);
			runOnlyForDeploymentPostprocessing = 0;
		};
		255E1323222CD202004CB1B1 /* Sources */ = {
			isa = PBXSourcesBuildPhase;
			buildActionMask = 2147483647;
			files = (
				255E132C222CD202004CB1B1 /* StaticAppTests.swift in Sources */,
			);
			runOnlyForDeploymentPostprocessing = 0;
		};
/* End PBXSourcesBuildPhase section */

/* Begin PBXTargetDependency section */
		255E1329222CD202004CB1B1 /* PBXTargetDependency */ = {
			isa = PBXTargetDependency;
			target = 255E1312222CD1FF004CB1B1 /* StaticApp */;
			targetProxy = 255E1328222CD202004CB1B1 /* PBXContainerItemProxy */;
		};
/* End PBXTargetDependency section */

/* Begin PBXVariantGroup section */
		255E131A222CD200004CB1B1 /* Main.storyboard */ = {
			isa = PBXVariantGroup;
			children = (
				255E131B222CD200004CB1B1 /* Base */,
			);
			name = Main.storyboard;
			sourceTree = "<group>";
		};
		255E131F222CD202004CB1B1 /* LaunchScreen.storyboard */ = {
			isa = PBXVariantGroup;
			children = (
				255E1320222CD202004CB1B1 /* Base */,
			);
			name = LaunchScreen.storyboard;
			sourceTree = "<group>";
		};
/* End PBXVariantGroup section */

/* Begin XCBuildConfiguration section */
		255E132E222CD202004CB1B1 /* Debug */ = {
			isa = XCBuildConfiguration;
			buildSettings = {
				ALWAYS_SEARCH_USER_PATHS = NO;
				CLANG_ANALYZER_NONNULL = YES;
				CLANG_ANALYZER_NUMBER_OBJECT_CONVERSION = YES_AGGRESSIVE;
				CLANG_CXX_LANGUAGE_STANDARD = "gnu++14";
				CLANG_CXX_LIBRARY = "libc++";
				CLANG_ENABLE_MODULES = YES;
				CLANG_ENABLE_OBJC_ARC = YES;
				CLANG_ENABLE_OBJC_WEAK = YES;
				CLANG_WARN_BLOCK_CAPTURE_AUTORELEASING = YES;
				CLANG_WARN_BOOL_CONVERSION = YES;
				CLANG_WARN_COMMA = YES;
				CLANG_WARN_CONSTANT_CONVERSION = YES;
				CLANG_WARN_DEPRECATED_OBJC_IMPLEMENTATIONS = YES;
				CLANG_WARN_DIRECT_OBJC_ISA_USAGE = YES_ERROR;
				CLANG_WARN_DOCUMENTATION_COMMENTS = YES;
				CLANG_WARN_EMPTY_BODY = YES;
				CLANG_WARN_ENUM_CONVERSION = YES;
				CLANG_WARN_INFINITE_RECURSION = YES;
				CLANG_WARN_INT_CONVERSION = YES;
				CLANG_WARN_NON_LITERAL_NULL_CONVERSION = YES;
				CLANG_WARN_OBJC_IMPLICIT_RETAIN_SELF = YES;
				CLANG_WARN_OBJC_LITERAL_CONVERSION = YES;
				CLANG_WARN_OBJC_ROOT_CLASS = YES_ERROR;
				CLANG_WARN_RANGE_LOOP_ANALYSIS = YES;
				CLANG_WARN_STRICT_PROTOTYPES = YES;
				CLANG_WARN_SUSPICIOUS_MOVE = YES;
				CLANG_WARN_UNGUARDED_AVAILABILITY = YES_AGGRESSIVE;
				CLANG_WARN_UNREACHABLE_CODE = YES;
				CLANG_WARN__DUPLICATE_METHOD_MATCH = YES;
				CODE_SIGN_IDENTITY = "iPhone Developer";
				COPY_PHASE_STRIP = NO;
				DEBUG_INFORMATION_FORMAT = dwarf;
				ENABLE_STRICT_OBJC_MSGSEND = YES;
				ENABLE_TESTABILITY = YES;
				GCC_C_LANGUAGE_STANDARD = gnu11;
				GCC_DYNAMIC_NO_PIC = NO;
				GCC_NO_COMMON_BLOCKS = YES;
				GCC_OPTIMIZATION_LEVEL = 0;
				GCC_PREPROCESSOR_DEFINITIONS = (
					"DEBUG=1",
					"$(inherited)",
				);
				GCC_WARN_64_TO_32_BIT_CONVERSION = YES;
				GCC_WARN_ABOUT_RETURN_TYPE = YES_ERROR;
				GCC_WARN_UNDECLARED_SELECTOR = YES;
				GCC_WARN_UNINITIALIZED_AUTOS = YES_AGGRESSIVE;
				GCC_WARN_UNUSED_FUNCTION = YES;
				GCC_WARN_UNUSED_VARIABLE = YES;
				IPHONEOS_DEPLOYMENT_TARGET = 12.1;
				MTL_ENABLE_DEBUG_INFO = INCLUDE_SOURCE;
				MTL_FAST_MATH = YES;
				ONLY_ACTIVE_ARCH = YES;
				SDKROOT = iphoneos;
				SWIFT_ACTIVE_COMPILATION_CONDITIONS = DEBUG;
				SWIFT_OPTIMIZATION_LEVEL = "-Onone";
			};
			name = Debug;
		};
		255E132F222CD202004CB1B1 /* Release */ = {
			isa = XCBuildConfiguration;
			buildSettings = {
				ALWAYS_SEARCH_USER_PATHS = NO;
				CLANG_ANALYZER_NONNULL = YES;
				CLANG_ANALYZER_NUMBER_OBJECT_CONVERSION = YES_AGGRESSIVE;
				CLANG_CXX_LANGUAGE_STANDARD = "gnu++14";
				CLANG_CXX_LIBRARY = "libc++";
				CLANG_ENABLE_MODULES = YES;
				CLANG_ENABLE_OBJC_ARC = YES;
				CLANG_ENABLE_OBJC_WEAK = YES;
				CLANG_WARN_BLOCK_CAPTURE_AUTORELEASING = YES;
				CLANG_WARN_BOOL_CONVERSION = YES;
				CLANG_WARN_COMMA = YES;
				CLANG_WARN_CONSTANT_CONVERSION = YES;
				CLANG_WARN_DEPRECATED_OBJC_IMPLEMENTATIONS = YES;
				CLANG_WARN_DIRECT_OBJC_ISA_USAGE = YES_ERROR;
				CLANG_WARN_DOCUMENTATION_COMMENTS = YES;
				CLANG_WARN_EMPTY_BODY = YES;
				CLANG_WARN_ENUM_CONVERSION = YES;
				CLANG_WARN_INFINITE_RECURSION = YES;
				CLANG_WARN_INT_CONVERSION = YES;
				CLANG_WARN_NON_LITERAL_NULL_CONVERSION = YES;
				CLANG_WARN_OBJC_IMPLICIT_RETAIN_SELF = YES;
				CLANG_WARN_OBJC_LITERAL_CONVERSION = YES;
				CLANG_WARN_OBJC_ROOT_CLASS = YES_ERROR;
				CLANG_WARN_RANGE_LOOP_ANALYSIS = YES;
				CLANG_WARN_STRICT_PROTOTYPES = YES;
				CLANG_WARN_SUSPICIOUS_MOVE = YES;
				CLANG_WARN_UNGUARDED_AVAILABILITY = YES_AGGRESSIVE;
				CLANG_WARN_UNREACHABLE_CODE = YES;
				CLANG_WARN__DUPLICATE_METHOD_MATCH = YES;
				CODE_SIGN_IDENTITY = "iPhone Developer";
				COPY_PHASE_STRIP = NO;
				DEBUG_INFORMATION_FORMAT = "dwarf-with-dsym";
				ENABLE_NS_ASSERTIONS = NO;
				ENABLE_STRICT_OBJC_MSGSEND = YES;
				GCC_C_LANGUAGE_STANDARD = gnu11;
				GCC_NO_COMMON_BLOCKS = YES;
				GCC_WARN_64_TO_32_BIT_CONVERSION = YES;
				GCC_WARN_ABOUT_RETURN_TYPE = YES_ERROR;
				GCC_WARN_UNDECLARED_SELECTOR = YES;
				GCC_WARN_UNINITIALIZED_AUTOS = YES_AGGRESSIVE;
				GCC_WARN_UNUSED_FUNCTION = YES;
				GCC_WARN_UNUSED_VARIABLE = YES;
				IPHONEOS_DEPLOYMENT_TARGET = 12.1;
				MTL_ENABLE_DEBUG_INFO = NO;
				MTL_FAST_MATH = YES;
				SDKROOT = iphoneos;
				SWIFT_COMPILATION_MODE = wholemodule;
				SWIFT_OPTIMIZATION_LEVEL = "-O";
				VALIDATE_PRODUCT = YES;
			};
			name = Release;
		};
		255E1331222CD202004CB1B1 /* Debug */ = {
			isa = XCBuildConfiguration;
			buildSettings = {
				ASSETCATALOG_COMPILER_APPICON_NAME = AppIcon;
				CODE_SIGN_STYLE = Automatic;
				INFOPLIST_FILE = StaticApp/Info.plist;
				LD_RUNPATH_SEARCH_PATHS = (
					"$(inherited)",
					"@executable_path/Frameworks",
				);
				PRODUCT_BUNDLE_IDENTIFIER = edu.acu.StaticApp;
				PRODUCT_NAME = "$(TARGET_NAME)";
				SWIFT_VERSION = 4.2;
				TARGETED_DEVICE_FAMILY = "1,2";
			};
			name = Debug;
		};
		255E1332222CD202004CB1B1 /* Release */ = {
			isa = XCBuildConfiguration;
			buildSettings = {
				ASSETCATALOG_COMPILER_APPICON_NAME = AppIcon;
				CODE_SIGN_STYLE = Automatic;
				INFOPLIST_FILE = StaticApp/Info.plist;
				LD_RUNPATH_SEARCH_PATHS = (
					"$(inherited)",
					"@executable_path/Frameworks",
				);
				PRODUCT_BUNDLE_IDENTIFIER = edu.acu.StaticApp;
				PRODUCT_NAME = "$(TARGET_NAME)";
				SWIFT_VERSION = 4.2;
				TARGETED_DEVICE_FAMILY = "1,2";
			};
			name = Release;
		};
		255E1334222CD202004CB1B1 /* Debug */ = {
			isa = XCBuildConfiguration;
			buildSettings = {
				ALWAYS_EMBED_SWIFT_STANDARD_LIBRARIES = YES;
				BUNDLE_LOADER = "$(TEST_HOST)";
				CODE_SIGN_STYLE = Automatic;
				INFOPLIST_FILE = StaticAppTests/Info.plist;
				LD_RUNPATH_SEARCH_PATHS = (
					"$(inherited)",
					"@executable_path/Frameworks",
					"@loader_path/Frameworks",
				);
				PRODUCT_BUNDLE_IDENTIFIER = edu.acu.StaticAppTests;
				PRODUCT_NAME = "$(TARGET_NAME)";
				SWIFT_VERSION = 4.2;
				TARGETED_DEVICE_FAMILY = "1,2";
				TEST_HOST = "$(BUILT_PRODUCTS_DIR)/StaticApp.app/StaticApp";
			};
			name = Debug;
		};
		255E1335222CD202004CB1B1 /* Release */ = {
			isa = XCBuildConfiguration;
			buildSettings = {
				ALWAYS_EMBED_SWIFT_STANDARD_LIBRARIES = YES;
				BUNDLE_LOADER = "$(TEST_HOST)";
				CODE_SIGN_STYLE = Automatic;
				INFOPLIST_FILE = StaticAppTests/Info.plist;
				LD_RUNPATH_SEARCH_PATHS = (
					"$(inherited)",
					"@executable_path/Frameworks",
					"@loader_path/Frameworks",
				);
				PRODUCT_BUNDLE_IDENTIFIER = edu.acu.StaticAppTests;
				PRODUCT_NAME = "$(TARGET_NAME)";
				SWIFT_VERSION = 4.2;
				TARGETED_DEVICE_FAMILY = "1,2";
				TEST_HOST = "$(BUILT_PRODUCTS_DIR)/StaticApp.app/StaticApp";
			};
			name = Release;
		};
/* End XCBuildConfiguration section */

/* Begin XCConfigurationList section */
		255E130E222CD1FF004CB1B1 /* Build configuration list for PBXProject "StaticApp" */ = {
			isa = XCConfigurationList;
			buildConfigurations = (
				255E132E222CD202004CB1B1 /* Debug */,
				255E132F222CD202004CB1B1 /* Release */,
			);
			defaultConfigurationIsVisible = 0;
			defaultConfigurationName = Release;
		};
		255E1330222CD202004CB1B1 /* Build configuration list for PBXNativeTarget "StaticApp" */ = {
			isa = XCConfigurationList;
			buildConfigurations = (
				255E1331222CD202004CB1B1 /* Debug */,
				255E1332222CD202004CB1B1 /* Release */,
			);
			defaultConfigurationIsVisible = 0;
			defaultConfigurationName = Release;
		};
		255E1333222CD202004CB1B1 /* Build configuration list for PBXNativeTarget "StaticAppTests" */ = {
			isa = XCConfigurationList;
			buildConfigurations = (
				255E1334222CD202004CB1B1 /* Debug */,
				255E1335222CD202004CB1B1 /* Release */,
			);
			defaultConfigurationIsVisible = 0;
			defaultConfigurationName = Release;
		};
/* End XCConfigurationList section */
	};
	rootObject = 255E130B222CD1FF004CB1B1 /* Project object */;
}
